<?xml version="1.0" encoding="utf-8"?>
<Project ToolsVersion="4.0" xmlns="http://schemas.microsoft.com/developer/msbuild/2003">
  <ItemGroup>
    <Filter Include="Scenes">
      <UniqueIdentifier>{c5cabb1b-b873-4b2f-abd7-522c30356524}</UniqueIdentifier>
    </Filter>
    <Filter Include="Contents">
      <UniqueIdentifier>{1eadb0cc-fcfc-46ec-8da5-754a4495f476}</UniqueIdentifier>
    </Filter>
    <Filter Include="Script">
      <UniqueIdentifier>{74c00db0-0d59-4127-a004-868936ce30dd}</UniqueIdentifier>
    </Filter>
  </ItemGroup>
  <ItemGroup>
    <ClInclude Include="parLoadScene.h">
      <Filter>Scenes</Filter>
    </ClInclude>
    <ClInclude Include="parPlayScene.h">
      <Filter>Scenes</Filter>
    </ClInclude>
    <ClInclude Include="parPlayer.h">
      <Filter>Contents</Filter>
    </ClInclude>
    <ClInclude Include="parTitleScene.h">
      <Filter>Scenes</Filter>
    </ClInclude>
    <ClInclude Include="parLoadResources.h" />
    <ClInclude Include="parPlayerScript.h">
      <Filter>Script</Filter>
    </ClInclude>
  </ItemGroup>
  <ItemGroup>
    <ClCompile Include="parPlayScene.cpp">
      <Filter>Scenes</Filter>
    </ClCompile>
    <ClCompile Include="parPlayer.cpp">
      <Filter>Contents</Filter>
    </ClCompile>
    <ClCompile Include="parTitleScene.cpp">
      <Filter>Scenes</Filter>
    </ClCompile>
    <ClCompile Include="parPlayerScript.cpp">
      <Filter>Script</Filter>
    </ClCompile>
  </ItemGroup>
</Project>